<?xml version="1.0" encoding="utf-8"?>
<Project ToolsVersion="4.0" xmlns="http://schemas.microsoft.com/developer/msbuild/2003">
  <ItemGroup>
    <Filter Include="Driver Files">
      <UniqueIdentifier>{8E41214B-6785-4CFE-B992-037D68949A14}</UniqueIdentifier>
      <Extensions>inf;inv;inx;mof;mc;</Extensions>
    </Filter>
    <Filter Include="Resource Files">
      <UniqueIdentifier>{602ec731-b9b3-4038-8ead-6c66d828fe9f}</UniqueIdentifier>
    </Filter>
  </ItemGroup>
  <ItemGroup>
    <None Include="rtwlans.sys">
      <Filter>Driver Files</Filter>
    </None>
    <None Include="netrtwlans.inf">
      <Filter>Driver Files</Filter>
    </None>
  </ItemGroup>
  <ItemGroup>
    <Xml Include="package.pkg.xml">
      <Filter>Resource Files</Filter>
    </Xml>
  </ItemGroup>
</Project>